// !$*UTF8*$!
{
	archiveVersion = 1;
	classes = {
	};
	objectVersion = 55;
	objects = {

/* Begin PBXBuildFile section */
		FD22D62F287701FB007D513C /* SOLIDApp.swift in Sources */ = {isa = PBXBuildFile; fileRef = FD22D62E287701FB007D513C /* SOLIDApp.swift */; };
		FD22D631287701FB007D513C /* ContentView.swift in Sources */ = {isa = PBXBuildFile; fileRef = FD22D630287701FB007D513C /* ContentView.swift */; };
		FD22D633287701FE007D513C /* Assets.xcassets in Resources */ = {isa = PBXBuildFile; fileRef = FD22D632287701FE007D513C /* Assets.xcassets */; };
		FD22D636287701FE007D513C /* Preview Assets.xcassets in Resources */ = {isa = PBXBuildFile; fileRef = FD22D635287701FE007D513C /* Preview Assets.xcassets */; };
		FD22D64C287702DA007D513C /* SRP_After.swift in Sources */ = {isa = PBXBuildFile; fileRef = FD22D63E287702DA007D513C /* SRP_After.swift */; };
		FD22D64D287702DA007D513C /* SRP_Before.swift in Sources */ = {isa = PBXBuildFile; fileRef = FD22D63F287702DA007D513C /* SRP_Before.swift */; };
		FD22D64E287702DA007D513C /* ISP_After.swift in Sources */ = {isa = PBXBuildFile; fileRef = FD22D641287702DA007D513C /* ISP_After.swift */; };
		FD22D64F287702DA007D513C /* ISP_Before.swift in Sources */ = {isa = PBXBuildFile; fileRef = FD22D642287702DA007D513C /* ISP_Before.swift */; };
		FD22D650287702DA007D513C /* OCP_Before.swift in Sources */ = {isa = PBXBuildFile; fileRef = FD22D644287702DA007D513C /* OCP_Before.swift */; };
		FD22D651287702DA007D513C /* OCP_After.swift in Sources */ = {isa = PBXBuildFile; fileRef = FD22D645287702DA007D513C /* OCP_After.swift */; };
		FD22D652287702DA007D513C /* DIP_After.swift in Sources */ = {isa = PBXBuildFile; fileRef = FD22D647287702DA007D513C /* DIP_After.swift */; };
		FD22D653287702DA007D513C /* DIP_Before.swift in Sources */ = {isa = PBXBuildFile; fileRef = FD22D648287702DA007D513C /* DIP_Before.swift */; };
		FD22D654287702DA007D513C /* LSP_After.swift in Sources */ = {isa = PBXBuildFile; fileRef = FD22D64A287702DA007D513C /* LSP_After.swift */; };
		FD22D655287702DA007D513C /* LSP_Before.swift in Sources */ = {isa = PBXBuildFile; fileRef = FD22D64B287702DA007D513C /* LSP_Before.swift */; };
/* End PBXBuildFile section */

/* Begin PBXFileReference section */
		FD22D62B287701FB007D513C /* SOLID.app */ = {isa = PBXFileReference; explicitFileType = wrapper.application; includeInIndex = 0; path = SOLID.app; sourceTree = BUILT_PRODUCTS_DIR; };
		FD22D62E287701FB007D513C /* SOLIDApp.swift */ = {isa = PBXFileReference; lastKnownFileType = sourcecode.swift; path = SOLIDApp.swift; sourceTree = "<group>"; };
		FD22D630287701FB007D513C /* ContentView.swift */ = {isa = PBXFileReference; lastKnownFileType = sourcecode.swift; path = ContentView.swift; sourceTree = "<group>"; };
		FD22D632287701FE007D513C /* Assets.xcassets */ = {isa = PBXFileReference; lastKnownFileType = folder.assetcatalog; path = Assets.xcassets; sourceTree = "<group>"; };
		FD22D635287701FE007D513C /* Preview Assets.xcassets */ = {isa = PBXFileReference; lastKnownFileType = folder.assetcatalog; path = "Preview Assets.xcassets"; sourceTree = "<group>"; };
		FD22D63E287702DA007D513C /* SRP_After.swift */ = {isa = PBXFileReference; fileEncoding = 4; lastKnownFileType = sourcecode.swift; path = SRP_After.swift; sourceTree = "<group>"; };
		FD22D63F287702DA007D513C /* SRP_Before.swift */ = {isa = PBXFileReference; fileEncoding = 4; lastKnownFileType = sourcecode.swift; path = SRP_Before.swift; sourceTree = "<group>"; };
		FD22D641287702DA007D513C /* ISP_After.swift */ = {isa = PBXFileReference; fileEncoding = 4; lastKnownFileType = sourcecode.swift; path = ISP_After.swift; sourceTree = "<group>"; };
		FD22D642287702DA007D513C /* ISP_Before.swift */ = {isa = PBXFileReference; fileEncoding = 4; lastKnownFileType = sourcecode.swift; path = ISP_Before.swift; sourceTree = "<group>"; };
		FD22D644287702DA007D513C /* OCP_Before.swift */ = {isa = PBXFileReference; fileEncoding = 4; lastKnownFileType = sourcecode.swift; path = OCP_Before.swift; sourceTree = "<group>"; };
		FD22D645287702DA007D513C /* OCP_After.swift */ = {isa = PBXFileReference; fileEncoding = 4; lastKnownFileType = sourcecode.swift; path = OCP_After.swift; sourceTree = "<group>"; };
		FD22D647287702DA007D513C /* DIP_After.swift */ = {isa = PBXFileReference; fileEncoding = 4; lastKnownFileType = sourcecode.swift; path = DIP_After.swift; sourceTree = "<group>"; };
		FD22D648287702DA007D513C /* DIP_Before.swift */ = {isa = PBXFileReference; fileEncoding = 4; lastKnownFileType = sourcecode.swift; path = DIP_Before.swift; sourceTree = "<group>"; };
		FD22D64A287702DA007D513C /* LSP_After.swift */ = {isa = PBXFileReference; fileEncoding = 4; lastKnownFileType = sourcecode.swift; path = LSP_After.swift; sourceTree = "<group>"; };
		FD22D64B287702DA007D513C /* LSP_Before.swift */ = {isa = PBXFileReference; fileEncoding = 4; lastKnownFileType = sourcecode.swift; path = LSP_Before.swift; sourceTree = "<group>"; };
/* End PBXFileReference section */

/* Begin PBXFrameworksBuildPhase section */
		FD22D628287701FB007D513C /* Frameworks */ = {
			isa = PBXFrameworksBuildPhase;
			buildActionMask = 2147483647;
			files = (
			);
			runOnlyForDeploymentPostprocessing = 0;
		};
/* End PBXFrameworksBuildPhase section */

/* Begin PBXGroup section */
		FD22D622287701FB007D513C = {
			isa = PBXGroup;
			children = (
				FD22D62D287701FB007D513C /* SOLID */,
				FD22D62C287701FB007D513C /* Products */,
			);
			sourceTree = "<group>";
		};
		FD22D62C287701FB007D513C /* Products */ = {
			isa = PBXGroup;
			children = (
				FD22D62B287701FB007D513C /* SOLID.app */,
			);
			name = Products;
			sourceTree = "<group>";
		};
		FD22D62D287701FB007D513C /* SOLID */ = {
			isa = PBXGroup;
			children = (
				FD22D62E287701FB007D513C /* SOLIDApp.swift */,
				FD22D630287701FB007D513C /* ContentView.swift */,
				FD22D63C287702DA007D513C /* SOLID */,
				FD22D632287701FE007D513C /* Assets.xcassets */,
				FD22D634287701FE007D513C /* Preview Content */,
			);
			path = SOLID;
			sourceTree = "<group>";
		};
		FD22D634287701FE007D513C /* Preview Content */ = {
			isa = PBXGroup;
			children = (
				FD22D635287701FE007D513C /* Preview Assets.xcassets */,
			);
			path = "Preview Content";
			sourceTree = "<group>";
		};
		FD22D63C287702DA007D513C /* SOLID */ = {
			isa = PBXGroup;
			children = (
				FD22D63D287702DA007D513C /* 1_SingleResponsibilityPrinciple */,
				FD22D643287702DA007D513C /* 2_OpenClosedPrinciple */,
				FD22D649287702DA007D513C /* 3_LiskovSubstitutionPrinciple */,
				FD22D640287702DA007D513C /* 4_InterfaceSegregationPrinciple */,
				FD22D646287702DA007D513C /* 5_DepencencyInversionPrinciple */,
			);
			path = SOLID;
			sourceTree = "<group>";
		};
		FD22D63D287702DA007D513C /* 1_SingleResponsibilityPrinciple */ = {
			isa = PBXGroup;
			children = (
				FD22D63E287702DA007D513C /* SRP_After.swift */,
				FD22D63F287702DA007D513C /* SRP_Before.swift */,
			);
			path = 1_SingleResponsibilityPrinciple;
			sourceTree = "<group>";
		};
		FD22D640287702DA007D513C /* 4_InterfaceSegregationPrinciple */ = {
			isa = PBXGroup;
			children = (
				FD22D641287702DA007D513C /* ISP_After.swift */,
				FD22D642287702DA007D513C /* ISP_Before.swift */,
			);
			path = 4_InterfaceSegregationPrinciple;
			sourceTree = "<group>";
		};
		FD22D643287702DA007D513C /* 2_OpenClosedPrinciple */ = {
			isa = PBXGroup;
			children = (
				FD22D644287702DA007D513C /* OCP_Before.swift */,
				FD22D645287702DA007D513C /* OCP_After.swift */,
			);
			path = 2_OpenClosedPrinciple;
			sourceTree = "<group>";
		};
		FD22D646287702DA007D513C /* 5_DepencencyInversionPrinciple */ = {
			isa = PBXGroup;
			children = (
				FD22D647287702DA007D513C /* DIP_After.swift */,
				FD22D648287702DA007D513C /* DIP_Before.swift */,
			);
			path = 5_DepencencyInversionPrinciple;
			sourceTree = "<group>";
		};
		FD22D649287702DA007D513C /* 3_LiskovSubstitutionPrinciple */ = {
			isa = PBXGroup;
			children = (
				FD22D64A287702DA007D513C /* LSP_After.swift */,
				FD22D64B287702DA007D513C /* LSP_Before.swift */,
			);
			path = 3_LiskovSubstitutionPrinciple;
			sourceTree = "<group>";
		};
/* End PBXGroup section */

/* Begin PBXNativeTarget section */
		FD22D62A287701FB007D513C /* SOLID */ = {
			isa = PBXNativeTarget;
			buildConfigurationList = FD22D639287701FE007D513C /* Build configuration list for PBXNativeTarget "SOLID" */;
			buildPhases = (
				FD22D627287701FB007D513C /* Sources */,
				FD22D628287701FB007D513C /* Frameworks */,
				FD22D629287701FB007D513C /* Resources */,
			);
			buildRules = (
			);
			dependencies = (
			);
			name = SOLID;
			productName = SOLID;
			productReference = FD22D62B287701FB007D513C /* SOLID.app */;
			productType = "com.apple.product-type.application";
		};
/* End PBXNativeTarget section */

/* Begin PBXProject section */
		FD22D623287701FB007D513C /* Project object */ = {
			isa = PBXProject;
			attributes = {
				BuildIndependentTargetsInParallel = 1;
				LastSwiftUpdateCheck = 1330;
				LastUpgradeCheck = 1330;
				TargetAttributes = {
					FD22D62A287701FB007D513C = {
						CreatedOnToolsVersion = 13.3.1;
					};
				};
			};
			buildConfigurationList = FD22D626287701FB007D513C /* Build configuration list for PBXProject "SOLID" */;
			compatibilityVersion = "Xcode 13.0";
			developmentRegion = en;
			hasScannedForEncodings = 0;
			knownRegions = (
				en,
				Base,
			);
			mainGroup = FD22D622287701FB007D513C;
			productRefGroup = FD22D62C287701FB007D513C /* Products */;
			projectDirPath = "";
			projectRoot = "";
			targets = (
				FD22D62A287701FB007D513C /* SOLID */,
			);
		};
/* End PBXProject section */

/* Begin PBXResourcesBuildPhase section */
		FD22D629287701FB007D513C /* Resources */ = {
			isa = PBXResourcesBuildPhase;
			buildActionMask = 2147483647;
			files = (
				FD22D636287701FE007D513C /* Preview Assets.xcassets in Resources */,
				FD22D633287701FE007D513C /* Assets.xcassets in Resources */,
			);
			runOnlyForDeploymentPostprocessing = 0;
		};
/* End PBXResourcesBuildPhase section */

/* Begin PBXSourcesBuildPhase section */
		FD22D627287701FB007D513C /* Sources */ = {
			isa = PBXSourcesBuildPhase;
			buildActionMask = 2147483647;
			files = (
				FD22D653287702DA007D513C /* DIP_Before.swift in Sources */,
				FD22D631287701FB007D513C /* ContentView.swift in Sources */,
				FD22D64E287702DA007D513C /* ISP_After.swift in Sources */,
				FD22D62F287701FB007D513C /* SOLIDApp.swift in Sources */,
				FD22D650287702DA007D513C /* OCP_Before.swift in Sources */,
				FD22D64D287702DA007D513C /* SRP_Before.swift in Sources */,
				FD22D651287702DA007D513C /* OCP_After.swift in Sources */,
				FD22D652287702DA007D513C /* DIP_After.swift in Sources */,
				FD22D655287702DA007D513C /* LSP_Before.swift in Sources */,
				FD22D654287702DA007D513C /* LSP_After.swift in Sources */,
				FD22D64C287702DA007D513C /* SRP_After.swift in Sources */,
				FD22D64F287702DA007D513C /* ISP_Before.swift in Sources */,
			);
			runOnlyForDeploymentPostprocessing = 0;
		};
/* End PBXSourcesBuildPhase section */

/* Begin XCBuildConfiguration section */
		FD22D637287701FE007D513C /* Debug */ = {
			isa = XCBuildConfiguration;
			buildSettings = {
				ALWAYS_SEARCH_USER_PATHS = NO;
				CLANG_ANALYZER_NONNULL = YES;
				CLANG_ANALYZER_NUMBER_OBJECT_CONVERSION = YES_AGGRESSIVE;
				CLANG_CXX_LANGUAGE_STANDARD = "gnu++17";
				CLANG_ENABLE_MODULES = YES;
				CLANG_ENABLE_OBJC_ARC = YES;
				CLANG_ENABLE_OBJC_WEAK = YES;
				CLANG_WARN_BLOCK_CAPTURE_AUTORELEASING = YES;
				CLANG_WARN_BOOL_CONVERSION = YES;
				CLANG_WARN_COMMA = YES;
				CLANG_WARN_CONSTANT_CONVERSION = YES;
				CLANG_WARN_DEPRECATED_OBJC_IMPLEMENTATIONS = YES;
				CLANG_WARN_DIRECT_OBJC_ISA_USAGE = YES_ERROR;
				CLANG_WARN_DOCUMENTATION_COMMENTS = YES;
				CLANG_WARN_EMPTY_BODY = YES;
				CLANG_WARN_ENUM_CONVERSION = YES;
				CLANG_WARN_INFINITE_RECURSION = YES;
				CLANG_WARN_INT_CONVERSION = YES;
				CLANG_WARN_NON_LITERAL_NULL_CONVERSION = YES;
				CLANG_WARN_OBJC_IMPLICIT_RETAIN_SELF = YES;
				CLANG_WARN_OBJC_LITERAL_CONVERSION = YES;
				CLANG_WARN_OBJC_ROOT_CLASS = YES_ERROR;
				CLANG_WARN_QUOTED_INCLUDE_IN_FRAMEWORK_HEADER = YES;
				CLANG_WARN_RANGE_LOOP_ANALYSIS = YES;
				CLANG_WARN_STRICT_PROTOTYPES = YES;
				CLANG_WARN_SUSPICIOUS_MOVE = YES;
				CLANG_WARN_UNGUARDED_AVAILABILITY = YES_AGGRESSIVE;
				CLANG_WARN_UNREACHABLE_CODE = YES;
				CLANG_WARN__DUPLICATE_METHOD_MATCH = YES;
				COPY_PHASE_STRIP = NO;
				DEBUG_INFORMATION_FORMAT = dwarf;
				ENABLE_STRICT_OBJC_MSGSEND = YES;
				ENABLE_TESTABILITY = YES;
				GCC_C_LANGUAGE_STANDARD = gnu11;
				GCC_DYNAMIC_NO_PIC = NO;
				GCC_NO_COMMON_BLOCKS = YES;
				GCC_OPTIMIZATION_LEVEL = 0;
				GCC_PREPROCESSOR_DEFINITIONS = (
					"DEBUG=1",
					"$(inherited)",
				);
				GCC_WARN_64_TO_32_BIT_CONVERSION = YES;
				GCC_WARN_ABOUT_RETURN_TYPE = YES_ERROR;
				GCC_WARN_UNDECLARED_SELECTOR = YES;
				GCC_WARN_UNINITIALIZED_AUTOS = YES_AGGRESSIVE;
				GCC_WARN_UNUSED_FUNCTION = YES;
				GCC_WARN_UNUSED_VARIABLE = YES;
				IPHONEOS_DEPLOYMENT_TARGET = 15.4;
				MTL_ENABLE_DEBUG_INFO = INCLUDE_SOURCE;
				MTL_FAST_MATH = YES;
				ONLY_ACTIVE_ARCH = YES;
				SDKROOT = iphoneos;
				SWIFT_ACTIVE_COMPILATION_CONDITIONS = DEBUG;
				SWIFT_OPTIMIZATION_LEVEL = "-Onone";
			};
			name = Debug;
		};
		FD22D638287701FE007D513C /* Release */ = {
			isa = XCBuildConfiguration;
			buildSettings = {
				ALWAYS_SEARCH_USER_PATHS = NO;
				CLANG_ANALYZER_NONNULL = YES;
				CLANG_ANALYZER_NUMBER_OBJECT_CONVERSION = YES_AGGRESSIVE;
				CLANG_CXX_LANGUAGE_STANDARD = "gnu++17";
				CLANG_ENABLE_MODULES = YES;
				CLANG_ENABLE_OBJC_ARC = YES;
				CLANG_ENABLE_OBJC_WEAK = YES;
				CLANG_WARN_BLOCK_CAPTURE_AUTORELEASING = YES;
				CLANG_WARN_BOOL_CONVERSION = YES;
				CLANG_WARN_COMMA = YES;
				CLANG_WARN_CONSTANT_CONVERSION = YES;
				CLANG_WARN_DEPRECATED_OBJC_IMPLEMENTATIONS = YES;
				CLANG_WARN_DIRECT_OBJC_ISA_USAGE = YES_ERROR;
				CLANG_WARN_DOCUMENTATION_COMMENTS = YES;
				CLANG_WARN_EMPTY_BODY = YES;
				CLANG_WARN_ENUM_CONVERSION = YES;
				CLANG_WARN_INFINITE_RECURSION = YES;
				CLANG_WARN_INT_CONVERSION = YES;
				CLANG_WARN_NON_LITERAL_NULL_CONVERSION = YES;
				CLANG_WARN_OBJC_IMPLICIT_RETAIN_SELF = YES;
				CLANG_WARN_OBJC_LITERAL_CONVERSION = YES;
				CLANG_WARN_OBJC_ROOT_CLASS = YES_ERROR;
				CLANG_WARN_QUOTED_INCLUDE_IN_FRAMEWORK_HEADER = YES;
				CLANG_WARN_RANGE_LOOP_ANALYSIS = YES;
				CLANG_WARN_STRICT_PROTOTYPES = YES;
				CLANG_WARN_SUSPICIOUS_MOVE = YES;
				CLANG_WARN_UNGUARDED_AVAILABILITY = YES_AGGRESSIVE;
				CLANG_WARN_UNREACHABLE_CODE = YES;
				CLANG_WARN__DUPLICATE_METHOD_MATCH = YES;
				COPY_PHASE_STRIP = NO;
				DEBUG_INFORMATION_FORMAT = "dwarf-with-dsym";
				ENABLE_NS_ASSERTIONS = NO;
				ENABLE_STRICT_OBJC_MSGSEND = YES;
				GCC_C_LANGUAGE_STANDARD = gnu11;
				GCC_NO_COMMON_BLOCKS = YES;
				GCC_WARN_64_TO_32_BIT_CONVERSION = YES;
				GCC_WARN_ABOUT_RETURN_TYPE = YES_ERROR;
				GCC_WARN_UNDECLARED_SELECTOR = YES;
				GCC_WARN_UNINITIALIZED_AUTOS = YES_AGGRESSIVE;
				GCC_WARN_UNUSED_FUNCTION = YES;
				GCC_WARN_UNUSED_VARIABLE = YES;
				IPHONEOS_DEPLOYMENT_TARGET = 15.4;
				MTL_ENABLE_DEBUG_INFO = NO;
				MTL_FAST_MATH = YES;
				SDKROOT = iphoneos;
				SWIFT_COMPILATION_MODE = wholemodule;
				SWIFT_OPTIMIZATION_LEVEL = "-O";
				VALIDATE_PRODUCT = YES;
			};
			name = Release;
		};
		FD22D63A287701FE007D513C /* Debug */ = {
			isa = XCBuildConfiguration;
			buildSettings = {
				ASSETCATALOG_COMPILER_APPICON_NAME = AppIcon;
				ASSETCATALOG_COMPILER_GLOBAL_ACCENT_COLOR_NAME = AccentColor;
				CODE_SIGN_STYLE = Automatic;
				CURRENT_PROJECT_VERSION = 1;
				DEVELOPMENT_ASSET_PATHS = "\"SOLID/Preview Content\"";
				DEVELOPMENT_TEAM = XP6V4T4UU6;
				ENABLE_PREVIEWS = YES;
				GENERATE_INFOPLIST_FILE = YES;
				INFOPLIST_KEY_UIApplicationSceneManifest_Generation = YES;
				INFOPLIST_KEY_UIApplicationSupportsIndirectInputEvents = YES;
				INFOPLIST_KEY_UILaunchScreen_Generation = YES;
				INFOPLIST_KEY_UISupportedInterfaceOrientations_iPad = "UIInterfaceOrientationPortrait UIInterfaceOrientationPortraitUpsideDown UIInterfaceOrientationLandscapeLeft UIInterfaceOrientationLandscapeRight";
				INFOPLIST_KEY_UISupportedInterfaceOrientations_iPhone = "UIInterfaceOrientationPortrait UIInterfaceOrientationLandscapeLeft UIInterfaceOrientationLandscapeRight";
				LD_RUNPATH_SEARCH_PATHS = (
					"$(inherited)",
					"@executable_path/Frameworks",
				);
				MARKETING_VERSION = 1.0;
				PRODUCT_BUNDLE_IDENTIFIER = com.blacenova.sample.SOLID;
				PRODUCT_NAME = "$(TARGET_NAME)";
				SWIFT_EMIT_LOC_STRINGS = YES;
				SWIFT_VERSION = 5.0;
				TARGETED_DEVICE_FAMILY = "1,2";
			};
			name = Debug;
		};
		FD22D63B287701FE007D513C /* Release */ = {
			isa = XCBuildConfiguration;
			buildSettings = {
				ASSETCATALOG_COMPILER_APPICON_NAME = AppIcon;
				ASSETCATALOG_COMPILER_GLOBAL_ACCENT_COLOR_NAME = AccentColor;
				CODE_SIGN_STYLE = Automatic;
				CURRENT_PROJECT_VERSION = 1;
				DEVELOPMENT_ASSET_PATHS = "\"SOLID/Preview Content\"";
				DEVELOPMENT_TEAM = XP6V4T4UU6;
				ENABLE_PREVIEWS = YES;
				GENERATE_INFOPLIST_FILE = YES;
				INFOPLIST_KEY_UIApplicationSceneManifest_Generation = YES;
				INFOPLIST_KEY_UIApplicationSupportsIndirectInputEvents = YES;
				INFOPLIST_KEY_UILaunchScreen_Generation = YES;
				INFOPLIST_KEY_UISupportedInterfaceOrientations_iPad = "UIInterfaceOrientationPortrait UIInterfaceOrientationPortraitUpsideDown UIInterfaceOrientationLandscapeLeft UIInterfaceOrientationLandscapeRight";
				INFOPLIST_KEY_UISupportedInterfaceOrientations_iPhone = "UIInterfaceOrientationPortrait UIInterfaceOrientationLandscapeLeft UIInterfaceOrientationLandscapeRight";
				LD_RUNPATH_SEARCH_PATHS = (
					"$(inherited)",
					"@executable_path/Frameworks",
				);
				MARKETING_VERSION = 1.0;
				PRODUCT_BUNDLE_IDENTIFIER = com.blacenova.sample.SOLID;
				PRODUCT_NAME = "$(TARGET_NAME)";
				SWIFT_EMIT_LOC_STRINGS = YES;
				SWIFT_VERSION = 5.0;
				TARGETED_DEVICE_FAMILY = "1,2";
			};
			name = Release;
		};
/* End XCBuildConfiguration section */

/* Begin XCConfigurationList section */
		FD22D626287701FB007D513C /* Build configuration list for PBXProject "SOLID" */ = {
			isa = XCConfigurationList;
			buildConfigurations = (
				FD22D637287701FE007D513C /* Debug */,
				FD22D638287701FE007D513C /* Release */,
			);
			defaultConfigurationIsVisible = 0;
			defaultConfigurationName = Release;
		};
		FD22D639287701FE007D513C /* Build configuration list for PBXNativeTarget "SOLID" */ = {
			isa = XCConfigurationList;
			buildConfigurations = (
				FD22D63A287701FE007D513C /* Debug */,
				FD22D63B287701FE007D513C /* Release */,
			);
			defaultConfigurationIsVisible = 0;
			defaultConfigurationName = Release;
		};
/* End XCConfigurationList section */
	};
	rootObject = FD22D623287701FB007D513C /* Project object */;
}
